
Microsoft Visual Studio Solution File, Format Version 12.00
# Visual Studio 2013
VisualStudioVersion = 12.0.31101.0
MinimumVisualStudioVersion = 10.0.40219.1
Project("{FAE04EC0-301F-11D3-BF4B-00C04F79EFBC}") = "Advertisements.Web", "Advertisements.Web\Advertisements.Web.csproj", "{1009130D-D200-4B5B-9561-0BCF8B059B41}"
EndProject
Project("{FAE04EC0-301F-11D3-BF4B-00C04F79EFBC}") = "Advertisements.Web.Tests", "Advertisements.Web.Tests\Advertisements.Web.Tests.csproj", "{363D1BEA-A199-4FCB-996A-F37AF5BD6898}"
EndProject
Project("{FAE04EC0-301F-11D3-BF4B-00C04F79EFBC}") = "Advertisements.Data", "Advertisements.Data\Advertisements.Data.csproj", "{C4F20351-DE3A-4F6D-B20A-E6680CEBE50B}"
EndProject
Project("{FAE04EC0-301F-11D3-BF4B-00C04F79EFBC}") = "Advertisements.Models", "Advertisements.Models\Advertisements.Models.csproj", "{A3E05C27-E8F6-4510-B9C5-7D2DDE3B6AED}"
EndProject
Project("{FAE04EC0-301F-11D3-BF4B-00C04F79EFBC}") = "Advertisements.Infrastructures", "Advertisements.Infrastructures\Advertisements.Infrastructures.csproj", "{0305FB54-CB13-486A-B465-46FBEAF032F6}"
EndProject
Project("{FAE04EC0-301F-11D3-BF4B-00C04F79EFBC}") = "Advertisements.Wpf", "Advertisements.Wpf\Advertisements.Wpf.csproj", "{65C4E82C-DE0D-4D2F-9464-470C210C41FA}"
EndProject
Global
	GlobalSection(SolutionConfigurationPlatforms) = preSolution
		Debug|Any CPU = Debug|Any CPU
		Release|Any CPU = Release|Any CPU
	EndGlobalSection
	GlobalSection(ProjectConfigurationPlatforms) = postSolution
		{1009130D-D200-4B5B-9561-0BCF8B059B41}.Debug|Any CPU.ActiveCfg = Debug|Any CPU
		{1009130D-D200-4B5B-9561-0BCF8B059B41}.Debug|Any CPU.Build.0 = Debug|Any CPU
		{1009130D-D200-4B5B-9561-0BCF8B059B41}.Release|Any CPU.ActiveCfg = Release|Any CPU
		{1009130D-D200-4B5B-9561-0BCF8B059B41}.Release|Any CPU.Build.0 = Release|Any CPU
		{363D1BEA-A199-4FCB-996A-F37AF5BD6898}.Debug|Any CPU.ActiveCfg = Debug|Any CPU
		{363D1BEA-A199-4FCB-996A-F37AF5BD6898}.Debug|Any CPU.Build.0 = Debug|Any CPU
		{363D1BEA-A199-4FCB-996A-F37AF5BD6898}.Release|Any CPU.ActiveCfg = Release|Any CPU
		{363D1BEA-A199-4FCB-996A-F37AF5BD6898}.Release|Any CPU.Build.0 = Release|Any CPU
		{C4F20351-DE3A-4F6D-B20A-E6680CEBE50B}.Debug|Any CPU.ActiveCfg = Debug|Any CPU
		{C4F20351-DE3A-4F6D-B20A-E6680CEBE50B}.Debug|Any CPU.Build.0 = Debug|Any CPU
		{C4F20351-DE3A-4F6D-B20A-E6680CEBE50B}.Release|Any CPU.ActiveCfg = Release|Any CPU
		{C4F20351-DE3A-4F6D-B20A-E6680CEBE50B}.Release|Any CPU.Build.0 = Release|Any CPU
		{A3E05C27-E8F6-4510-B9C5-7D2DDE3B6AED}.Debug|Any CPU.ActiveCfg = Debug|Any CPU
		{A3E05C27-E8F6-4510-B9C5-7D2DDE3B6AED}.Debug|Any CPU.Build.0 = Debug|Any CPU
		{A3E05C27-E8F6-4510-B9C5-7D2DDE3B6AED}.Release|Any CPU.ActiveCfg = Release|Any CPU
		{A3E05C27-E8F6-4510-B9C5-7D2DDE3B6AED}.Release|Any CPU.Build.0 = Release|Any CPU
		{0305FB54-CB13-486A-B465-46FBEAF032F6}.Debug|Any CPU.ActiveCfg = Debug|Any CPU
		{0305FB54-CB13-486A-B465-46FBEAF032F6}.Debug|Any CPU.Build.0 = Debug|Any CPU
		{0305FB54-CB13-486A-B465-46FBEAF032F6}.Release|Any CPU.ActiveCfg = Release|Any CPU
		{0305FB54-CB13-486A-B465-46FBEAF032F6}.Release|Any CPU.Build.0 = Release|Any CPU
		{65C4E82C-DE0D-4D2F-9464-470C210C41FA}.Debug|Any CPU.ActiveCfg = Debug|Any CPU
		{65C4E82C-DE0D-4D2F-9464-470C210C41FA}.Debug|Any CPU.Build.0 = Debug|Any CPU
		{65C4E82C-DE0D-4D2F-9464-470C210C41FA}.Release|Any CPU.ActiveCfg = Release|Any CPU
		{65C4E82C-DE0D-4D2F-9464-470C210C41FA}.Release|Any CPU.Build.0 = Release|Any CPU
	EndGlobalSection
	GlobalSection(SolutionProperties) = preSolution
		HideSolutionNode = FALSE
	EndGlobalSection
EndGlobal
